{
    "name": "mavo-snippets",
    "version": "1.0.0",
    "lockfileVersion": 1,
    "requires": true,
    "dependencies": {
        "markdown-table": {
            "version": "1.1.2",
            "resolved": "https://registry.npmjs.org/markdown-table/-/markdown-table-1.1.2.tgz",
            "integrity": "sha512-NcWuJFHDA8V3wkDgR/j4+gZx+YQwstPgfQDV8ndUeWWzta3dnDTBxpVzqS9lkmJAuV5YX35lmyojl6HO5JXAgw==",
            "dev": true
        }
    }
}
